{
	"name": "homebrew",
	"version": "1.0.0",
	"lockfileVersion": 2,
	"requires": true,
	"packages": {
		"": {
			"name": "homebrew",
			"version": "1.0.0",
			"license": "MIT",
			"devDependencies": {
				"5etools-utils": "^0.12.58",
				"commander": "^9.4.1",
				"he": "^1.2.0",
				"sanitize-html": "^2.12.1"
			}
		},
		"node_modules/5etools-utils": {
			"version": "0.12.58",
			"resolved": "https://registry.npmjs.org/5etools-utils/-/5etools-utils-0.12.58.tgz",
			"integrity": "sha512-CEFlRuUcBxd2e6coJoYgSDXhmpNiCtObFjAcOG5PyI86x7qZ2iPGaEKc9NWsj40vOyYsUpcNO2ecQm6gXDLj6g==",
			"dev": true,
			"dependencies": {
				"ajv": "^8.12.0",
				"ajv-formats": "^2.1.1",
				"commander": "^12.0.0",
				"hasha": "^6.0.0",
				"json-source-map": "^0.6.1",
				"number-precision": "^1.6.0"
			},
			"bin": {
				"test-file-locations": "bin/test-file-locations.js",
				"test-file-names": "bin/test-file-names.js",
				"test-json-brew": "bin/test-json-brew.js",
				"test-json-ua": "bin/test-json-ua.js"
			}
		},
		"node_modules/5etools-utils/node_modules/commander": {
			"version": "12.0.0",
			"resolved": "https://registry.npmjs.org/commander/-/commander-12.0.0.tgz",
			"integrity": "sha512-MwVNWlYjDTtOjX5PiD7o5pK0UrFU/OYgcJfjjK4RaHZETNtjJqrZa9Y9ds88+A+f+d5lv+561eZ+yCKoS3gbAA==",
			"dev": true,
			"engines": {
				"node": ">=18"
			}
		},
		"node_modules/ajv": {
			"version": "8.12.0",
			"resolved": "https://registry.npmjs.org/ajv/-/ajv-8.12.0.tgz",
			"integrity": "sha512-sRu1kpcO9yLtYxBKvqfTeh9KzZEwO3STyX1HT+4CaDzC6HpTGYhIhPIzj9XuKU7KYDwnaeh5hcOwjy1QuJzBPA==",
			"dev": true,
			"dependencies": {
				"fast-deep-equal": "^3.1.1",
				"json-schema-traverse": "^1.0.0",
				"require-from-string": "^2.0.2",
				"uri-js": "^4.2.2"
			},
			"funding": {
				"type": "github",
				"url": "https://github.com/sponsors/epoberezkin"
			}
		},
		"node_modules/ajv-formats": {
			"version": "2.1.1",
			"resolved": "https://registry.npmjs.org/ajv-formats/-/ajv-formats-2.1.1.tgz",
			"integrity": "sha512-Wx0Kx52hxE7C18hkMEggYlEifqWZtYaRgouJor+WMdPnQyEK13vgEWyVNup7SoeeoLMsr4kf5h6dOW11I15MUA==",
			"dev": true,
			"dependencies": {
				"ajv": "^8.0.0"
			},
			"peerDependencies": {
				"ajv": "^8.0.0"
			},
			"peerDependenciesMeta": {
				"ajv": {
					"optional": true
				}
			}
		},
		"node_modules/commander": {
			"version": "9.4.1",
			"resolved": "https://registry.npmjs.org/commander/-/commander-9.4.1.tgz",
			"integrity": "sha512-5EEkTNyHNGFPD2H+c/dXXfQZYa/scCKasxWcXJaWnNJ99pnQN9Vnmqow+p+PlFPE63Q6mThaZws1T+HxfpgtPw==",
			"dev": true,
			"engines": {
				"node": "^12.20.0 || >=14"
			}
		},
		"node_modules/deepmerge": {
			"version": "4.3.1",
			"resolved": "https://registry.npmjs.org/deepmerge/-/deepmerge-4.3.1.tgz",
			"integrity": "sha512-3sUqbMEc77XqpdNO7FRyRog+eW3ph+GYCbj+rK+uYyRMuwsVy0rMiVtPn+QJlKFvWP/1PYpapqYn0Me2knFn+A==",
			"dev": true,
			"engines": {
				"node": ">=0.10.0"
			}
		},
		"node_modules/dom-serializer": {
			"version": "2.0.0",
			"resolved": "https://registry.npmjs.org/dom-serializer/-/dom-serializer-2.0.0.tgz",
			"integrity": "sha512-wIkAryiqt/nV5EQKqQpo3SToSOV9J0DnbJqwK7Wv/Trc92zIAYZ4FlMu+JPFW1DfGFt81ZTCGgDEabffXeLyJg==",
			"dev": true,
			"dependencies": {
				"domelementtype": "^2.3.0",
				"domhandler": "^5.0.2",
				"entities": "^4.2.0"
			},
			"funding": {
				"url": "https://github.com/cheeriojs/dom-serializer?sponsor=1"
			}
		},
		"node_modules/domelementtype": {
			"version": "2.3.0",
			"resolved": "https://registry.npmjs.org/domelementtype/-/domelementtype-2.3.0.tgz",
			"integrity": "sha512-OLETBj6w0OsagBwdXnPdN0cnMfF9opN69co+7ZrbfPGrdpPVNBUj02spi6B1N7wChLQiPn4CSH/zJvXw56gmHw==",
			"dev": true,
			"funding": [
				{
					"type": "github",
					"url": "https://github.com/sponsors/fb55"
				}
			]
		},
		"node_modules/domhandler": {
			"version": "5.0.3",
			"resolved": "https://registry.npmjs.org/domhandler/-/domhandler-5.0.3.tgz",
			"integrity": "sha512-cgwlv/1iFQiFnU96XXgROh8xTeetsnJiDsTc7TYCLFd9+/WNkIqPTxiM/8pSd8VIrhXGTf1Ny1q1hquVqDJB5w==",
			"dev": true,
			"dependencies": {
				"domelementtype": "^2.3.0"
			},
			"engines": {
				"node": ">= 4"
			},
			"funding": {
				"url": "https://github.com/fb55/domhandler?sponsor=1"
			}
		},
		"node_modules/domutils": {
			"version": "3.1.0",
			"resolved": "https://registry.npmjs.org/domutils/-/domutils-3.1.0.tgz",
			"integrity": "sha512-H78uMmQtI2AhgDJjWeQmHwJJ2bLPD3GMmO7Zja/ZZh84wkm+4ut+IUnUdRa8uCGX88DiVx1j6FRe1XfxEgjEZA==",
			"dev": true,
			"dependencies": {
				"dom-serializer": "^2.0.0",
				"domelementtype": "^2.3.0",
				"domhandler": "^5.0.3"
			},
			"funding": {
				"url": "https://github.com/fb55/domutils?sponsor=1"
			}
		},
		"node_modules/entities": {
			"version": "4.5.0",
			"resolved": "https://registry.npmjs.org/entities/-/entities-4.5.0.tgz",
			"integrity": "sha512-V0hjH4dGPh9Ao5p0MoRY6BVqtwCjhz6vI5LT8AJ55H+4g9/4vbHx1I54fS0XuclLhDHArPQCiMjDxjaL8fPxhw==",
			"dev": true,
			"engines": {
				"node": ">=0.12"
			},
			"funding": {
				"url": "https://github.com/fb55/entities?sponsor=1"
			}
		},
		"node_modules/escape-string-regexp": {
			"version": "4.0.0",
			"resolved": "https://registry.npmjs.org/escape-string-regexp/-/escape-string-regexp-4.0.0.tgz",
			"integrity": "sha512-TtpcNJ3XAzx3Gq8sWRzJaVajRs0uVxA2YAkdb1jm2YkPz4G6egUFAyA3n5vtEIZefPk5Wa4UXbKuS5fKkJWdgA==",
			"dev": true,
			"engines": {
				"node": ">=10"
			},
			"funding": {
				"url": "https://github.com/sponsors/sindresorhus"
			}
		},
		"node_modules/fast-deep-equal": {
			"version": "3.1.3",
			"resolved": "https://registry.npmjs.org/fast-deep-equal/-/fast-deep-equal-3.1.3.tgz",
			"integrity": "sha512-f3qQ9oQy9j2AhBe/H9VC91wLmKBCCU/gDOnKNAYG5hswO7BLKj09Hc5HYNz9cGI++xlpDCIgDaitVs03ATR84Q==",
			"dev": true
		},
		"node_modules/hasha": {
			"version": "6.0.0",
			"resolved": "https://registry.npmjs.org/hasha/-/hasha-6.0.0.tgz",
			"integrity": "sha512-MLydoyGp9QJcjlhE5lsLHXYpWayjjWqkavzju2ZWD2tYa1CgmML1K1gWAu22BLFa2eZ0OfvJ/DlfoVjaD54U2Q==",
			"dev": true,
			"dependencies": {
				"is-stream": "^3.0.0",
				"type-fest": "^4.7.1"
			},
			"engines": {
				"node": ">=18"
			},
			"funding": {
				"url": "https://github.com/sponsors/sindresorhus"
			}
		},
		"node_modules/he": {
			"version": "1.2.0",
			"resolved": "https://registry.npmjs.org/he/-/he-1.2.0.tgz",
			"integrity": "sha512-F/1DnUGPopORZi0ni+CvrCgHQ5FyEAHRLSApuYWMmrbSwoN2Mn/7k+Gl38gJnR7yyDZk6WLXwiGod1JOWNDKGw==",
			"dev": true,
			"bin": {
				"he": "bin/he"
			}
		},
		"node_modules/htmlparser2": {
			"version": "8.0.2",
			"resolved": "https://registry.npmjs.org/htmlparser2/-/htmlparser2-8.0.2.tgz",
			"integrity": "sha512-GYdjWKDkbRLkZ5geuHs5NY1puJ+PXwP7+fHPRz06Eirsb9ugf6d8kkXav6ADhcODhFFPMIXyxkxSuMf3D6NCFA==",
			"dev": true,
			"funding": [
				"https://github.com/fb55/htmlparser2?sponsor=1",
				{
					"type": "github",
					"url": "https://github.com/sponsors/fb55"
				}
			],
			"dependencies": {
				"domelementtype": "^2.3.0",
				"domhandler": "^5.0.3",
				"domutils": "^3.0.1",
				"entities": "^4.4.0"
			}
		},
		"node_modules/is-plain-object": {
			"version": "5.0.0",
			"resolved": "https://registry.npmjs.org/is-plain-object/-/is-plain-object-5.0.0.tgz",
			"integrity": "sha512-VRSzKkbMm5jMDoKLbltAkFQ5Qr7VDiTFGXxYFXXowVj387GeGNOCsOH6Msy00SGZ3Fp84b1Naa1psqgcCIEP5Q==",
			"dev": true,
			"engines": {
				"node": ">=0.10.0"
			}
		},
		"node_modules/is-stream": {
			"version": "3.0.0",
			"resolved": "https://registry.npmjs.org/is-stream/-/is-stream-3.0.0.tgz",
			"integrity": "sha512-LnQR4bZ9IADDRSkvpqMGvt/tEJWclzklNgSw48V5EAaAeDd6qGvN8ei6k5p0tvxSR171VmGyHuTiAOfxAbr8kA==",
			"dev": true,
			"engines": {
				"node": "^12.20.0 || ^14.13.1 || >=16.0.0"
			},
			"funding": {
				"url": "https://github.com/sponsors/sindresorhus"
			}
		},
		"node_modules/json-schema-traverse": {
			"version": "1.0.0",
			"resolved": "https://registry.npmjs.org/json-schema-traverse/-/json-schema-traverse-1.0.0.tgz",
			"integrity": "sha512-NM8/P9n3XjXhIZn1lLhkFaACTOURQXjWhV4BA/RnOv8xvgqtqpAX9IO4mRQxSx1Rlo4tqzeqb0sOlruaOy3dug==",
			"dev": true
		},
		"node_modules/json-source-map": {
			"version": "0.6.1",
			"resolved": "https://registry.npmjs.org/json-source-map/-/json-source-map-0.6.1.tgz",
			"integrity": "sha512-1QoztHPsMQqhDq0hlXY5ZqcEdUzxQEIxgFkKl4WUp2pgShObl+9ovi4kRh2TfvAfxAoHOJ9vIMEqk3k4iex7tg==",
			"dev": true
		},
		"node_modules/nanoid": {
			"version": "3.3.7",
			"resolved": "https://registry.npmjs.org/nanoid/-/nanoid-3.3.7.tgz",
			"integrity": "sha512-eSRppjcPIatRIMC1U6UngP8XFcz8MQWGQdt1MTBQ7NaAmvXDfvNxbvWV3x2y6CdEUciCSsDHDQZbhYaB8QEo2g==",
			"dev": true,
			"funding": [
				{
					"type": "github",
					"url": "https://github.com/sponsors/ai"
				}
			],
			"bin": {
				"nanoid": "bin/nanoid.cjs"
			},
			"engines": {
				"node": "^10 || ^12 || ^13.7 || ^14 || >=15.0.1"
			}
		},
		"node_modules/number-precision": {
			"version": "1.6.0",
			"resolved": "https://registry.npmjs.org/number-precision/-/number-precision-1.6.0.tgz",
			"integrity": "sha512-05OLPgbgmnixJw+VvEh18yNPUo3iyp4BEWJcrLu4X9W05KmMifN7Mu5exYvQXqxxeNWhvIF+j3Rij+HmddM/hQ==",
			"dev": true
		},
		"node_modules/parse-srcset": {
			"version": "1.0.2",
			"resolved": "https://registry.npmjs.org/parse-srcset/-/parse-srcset-1.0.2.tgz",
			"integrity": "sha512-/2qh0lav6CmI15FzA3i/2Bzk2zCgQhGMkvhOhKNcBVQ1ldgpbfiNTVslmooUmWJcADi1f1kIeynbDRVzNlfR6Q==",
			"dev": true
		},
		"node_modules/picocolors": {
			"version": "1.1.1",
			"resolved": "https://registry.npmjs.org/picocolors/-/picocolors-1.1.1.tgz",
			"integrity": "sha512-xceH2snhtb5M9liqDsmEw56le376mTZkEX/jEb/RxNFyegNul7eNslCXP9FDj/Lcu0X8KEyMceP2ntpaHrDEVA==",
			"dev": true
		},
		"node_modules/postcss": {
			"version": "8.4.47",
			"resolved": "https://registry.npmjs.org/postcss/-/postcss-8.4.47.tgz",
			"integrity": "sha512-56rxCq7G/XfB4EkXq9Egn5GCqugWvDFjafDOThIdMBsI15iqPqR5r15TfSr1YPYeEI19YeaXMCbY6u88Y76GLQ==",
			"dev": true,
			"funding": [
				{
					"type": "opencollective",
					"url": "https://opencollective.com/postcss/"
				},
				{
					"type": "tidelift",
					"url": "https://tidelift.com/funding/github/npm/postcss"
				},
				{
					"type": "github",
					"url": "https://github.com/sponsors/ai"
				}
			],
			"dependencies": {
				"nanoid": "^3.3.7",
				"picocolors": "^1.1.0",
				"source-map-js": "^1.2.1"
			},
			"engines": {
				"node": "^10 || ^12 || >=14"
			}
		},
		"node_modules/punycode": {
			"version": "2.1.1",
			"resolved": "https://registry.npmjs.org/punycode/-/punycode-2.1.1.tgz",
			"integrity": "sha512-XRsRjdf+j5ml+y/6GKHPZbrF/8p2Yga0JPtdqTIY2Xe5ohJPD9saDJJLPvp9+NSBprVvevdXZybnj2cv8OEd0A==",
			"dev": true,
			"engines": {
				"node": ">=6"
			}
		},
		"node_modules/require-from-string": {
			"version": "2.0.2",
			"resolved": "https://registry.npmjs.org/require-from-string/-/require-from-string-2.0.2.tgz",
			"integrity": "sha512-Xf0nWe6RseziFMu+Ap9biiUbmplq6S9/p+7w7YXP/JBHhrUDDUhwa+vANyubuqfZWTveU//DYVGsDG7RKL/vEw==",
			"dev": true,
			"engines": {
				"node": ">=0.10.0"
			}
		},
		"node_modules/sanitize-html": {
			"version": "2.12.1",
			"resolved": "https://registry.npmjs.org/sanitize-html/-/sanitize-html-2.12.1.tgz",
			"integrity": "sha512-Plh+JAn0UVDpBRP/xEjsk+xDCoOvMBwQUf/K+/cBAVuTbtX8bj2VB7S1sL1dssVpykqp0/KPSesHrqXtokVBpA==",
			"dev": true,
			"dependencies": {
				"deepmerge": "^4.2.2",
				"escape-string-regexp": "^4.0.0",
				"htmlparser2": "^8.0.0",
				"is-plain-object": "^5.0.0",
				"parse-srcset": "^1.0.2",
				"postcss": "^8.3.11"
			}
		},
		"node_modules/source-map-js": {
			"version": "1.2.1",
			"resolved": "https://registry.npmjs.org/source-map-js/-/source-map-js-1.2.1.tgz",
			"integrity": "sha512-UXWMKhLOwVKb728IUtQPXxfYU+usdybtUrK/8uGE8CQMvrhOpwvzDBwj0QhSL7MQc7vIsISBG8VQ8+IDQxpfQA==",
			"dev": true,
			"engines": {
				"node": ">=0.10.0"
			}
		},
		"node_modules/type-fest": {
			"version": "4.10.3",
			"resolved": "https://registry.npmjs.org/type-fest/-/type-fest-4.10.3.tgz",
			"integrity": "sha512-JLXyjizi072smKGGcZiAJDCNweT8J+AuRxmPZ1aG7TERg4ijx9REl8CNhbr36RV4qXqL1gO1FF9HL8OkVmmrsA==",
			"dev": true,
			"engines": {
				"node": ">=16"
			},
			"funding": {
				"url": "https://github.com/sponsors/sindresorhus"
			}
		},
		"node_modules/uri-js": {
			"version": "4.4.1",
			"resolved": "https://registry.npmjs.org/uri-js/-/uri-js-4.4.1.tgz",
			"integrity": "sha512-7rKUyy33Q1yc98pQ1DAmLtwX109F7TIfWlW1Ydo8Wl1ii1SeHieeh0HHfPeL2fMXK6z0s8ecKs9frCuLJvndBg==",
			"dev": true,
			"dependencies": {
				"punycode": "^2.1.0"
			}
		}
	},
	"dependencies": {
		"5etools-utils": {
			"version": "0.12.58",
			"resolved": "https://registry.npmjs.org/5etools-utils/-/5etools-utils-0.12.58.tgz",
			"integrity": "sha512-CEFlRuUcBxd2e6coJoYgSDXhmpNiCtObFjAcOG5PyI86x7qZ2iPGaEKc9NWsj40vOyYsUpcNO2ecQm6gXDLj6g==",
			"dev": true,
			"requires": {
				"ajv": "^8.12.0",
				"ajv-formats": "^2.1.1",
				"commander": "^12.0.0",
				"hasha": "^6.0.0",
				"json-source-map": "^0.6.1",
				"number-precision": "^1.6.0"
			},
			"dependencies": {
				"commander": {
					"version": "12.0.0",
					"resolved": "https://registry.npmjs.org/commander/-/commander-12.0.0.tgz",
					"integrity": "sha512-MwVNWlYjDTtOjX5PiD7o5pK0UrFU/OYgcJfjjK4RaHZETNtjJqrZa9Y9ds88+A+f+d5lv+561eZ+yCKoS3gbAA==",
					"dev": true
				}
			}
		},
		"ajv": {
			"version": "8.12.0",
			"resolved": "https://registry.npmjs.org/ajv/-/ajv-8.12.0.tgz",
			"integrity": "sha512-sRu1kpcO9yLtYxBKvqfTeh9KzZEwO3STyX1HT+4CaDzC6HpTGYhIhPIzj9XuKU7KYDwnaeh5hcOwjy1QuJzBPA==",
			"dev": true,
			"requires": {
				"fast-deep-equal": "^3.1.1",
				"json-schema-traverse": "^1.0.0",
				"require-from-string": "^2.0.2",
				"uri-js": "^4.2.2"
			}
		},
		"ajv-formats": {
			"version": "2.1.1",
			"resolved": "https://registry.npmjs.org/ajv-formats/-/ajv-formats-2.1.1.tgz",
			"integrity": "sha512-Wx0Kx52hxE7C18hkMEggYlEifqWZtYaRgouJor+WMdPnQyEK13vgEWyVNup7SoeeoLMsr4kf5h6dOW11I15MUA==",
			"dev": true,
			"requires": {
				"ajv": "^8.0.0"
			}
		},
		"commander": {
			"version": "9.4.1",
			"resolved": "https://registry.npmjs.org/commander/-/commander-9.4.1.tgz",
			"integrity": "sha512-5EEkTNyHNGFPD2H+c/dXXfQZYa/scCKasxWcXJaWnNJ99pnQN9Vnmqow+p+PlFPE63Q6mThaZws1T+HxfpgtPw==",
			"dev": true
		},
		"deepmerge": {
			"version": "4.3.1",
			"resolved": "https://registry.npmjs.org/deepmerge/-/deepmerge-4.3.1.tgz",
			"integrity": "sha512-3sUqbMEc77XqpdNO7FRyRog+eW3ph+GYCbj+rK+uYyRMuwsVy0rMiVtPn+QJlKFvWP/1PYpapqYn0Me2knFn+A==",
			"dev": true
		},
		"dom-serializer": {
			"version": "2.0.0",
			"resolved": "https://registry.npmjs.org/dom-serializer/-/dom-serializer-2.0.0.tgz",
			"integrity": "sha512-wIkAryiqt/nV5EQKqQpo3SToSOV9J0DnbJqwK7Wv/Trc92zIAYZ4FlMu+JPFW1DfGFt81ZTCGgDEabffXeLyJg==",
			"dev": true,
			"requires": {
				"domelementtype": "^2.3.0",
				"domhandler": "^5.0.2",
				"entities": "^4.2.0"
			}
		},
		"domelementtype": {
			"version": "2.3.0",
			"resolved": "https://registry.npmjs.org/domelementtype/-/domelementtype-2.3.0.tgz",
			"integrity": "sha512-OLETBj6w0OsagBwdXnPdN0cnMfF9opN69co+7ZrbfPGrdpPVNBUj02spi6B1N7wChLQiPn4CSH/zJvXw56gmHw==",
			"dev": true
		},
		"domhandler": {
			"version": "5.0.3",
			"resolved": "https://registry.npmjs.org/domhandler/-/domhandler-5.0.3.tgz",
			"integrity": "sha512-cgwlv/1iFQiFnU96XXgROh8xTeetsnJiDsTc7TYCLFd9+/WNkIqPTxiM/8pSd8VIrhXGTf1Ny1q1hquVqDJB5w==",
			"dev": true,
			"requires": {
				"domelementtype": "^2.3.0"
			}
		},
		"domutils": {
			"version": "3.1.0",
			"resolved": "https://registry.npmjs.org/domutils/-/domutils-3.1.0.tgz",
			"integrity": "sha512-H78uMmQtI2AhgDJjWeQmHwJJ2bLPD3GMmO7Zja/ZZh84wkm+4ut+IUnUdRa8uCGX88DiVx1j6FRe1XfxEgjEZA==",
			"dev": true,
			"requires": {
				"dom-serializer": "^2.0.0",
				"domelementtype": "^2.3.0",
				"domhandler": "^5.0.3"
			}
		},
		"entities": {
			"version": "4.5.0",
			"resolved": "https://registry.npmjs.org/entities/-/entities-4.5.0.tgz",
			"integrity": "sha512-V0hjH4dGPh9Ao5p0MoRY6BVqtwCjhz6vI5LT8AJ55H+4g9/4vbHx1I54fS0XuclLhDHArPQCiMjDxjaL8fPxhw==",
			"dev": true
		},
		"escape-string-regexp": {
			"version": "4.0.0",
			"resolved": "https://registry.npmjs.org/escape-string-regexp/-/escape-string-regexp-4.0.0.tgz",
			"integrity": "sha512-TtpcNJ3XAzx3Gq8sWRzJaVajRs0uVxA2YAkdb1jm2YkPz4G6egUFAyA3n5vtEIZefPk5Wa4UXbKuS5fKkJWdgA==",
			"dev": true
		},
		"fast-deep-equal": {
			"version": "3.1.3",
			"resolved": "https://registry.npmjs.org/fast-deep-equal/-/fast-deep-equal-3.1.3.tgz",
			"integrity": "sha512-f3qQ9oQy9j2AhBe/H9VC91wLmKBCCU/gDOnKNAYG5hswO7BLKj09Hc5HYNz9cGI++xlpDCIgDaitVs03ATR84Q==",
			"dev": true
		},
		"hasha": {
			"version": "6.0.0",
			"resolved": "https://registry.npmjs.org/hasha/-/hasha-6.0.0.tgz",
			"integrity": "sha512-MLydoyGp9QJcjlhE5lsLHXYpWayjjWqkavzju2ZWD2tYa1CgmML1K1gWAu22BLFa2eZ0OfvJ/DlfoVjaD54U2Q==",
			"dev": true,
			"requires": {
				"is-stream": "^3.0.0",
				"type-fest": "^4.7.1"
			}
		},
		"he": {
			"version": "1.2.0",
			"resolved": "https://registry.npmjs.org/he/-/he-1.2.0.tgz",
			"integrity": "sha512-F/1DnUGPopORZi0ni+CvrCgHQ5FyEAHRLSApuYWMmrbSwoN2Mn/7k+Gl38gJnR7yyDZk6WLXwiGod1JOWNDKGw==",
			"dev": true
		},
		"htmlparser2": {
			"version": "8.0.2",
			"resolved": "https://registry.npmjs.org/htmlparser2/-/htmlparser2-8.0.2.tgz",
			"integrity": "sha512-GYdjWKDkbRLkZ5geuHs5NY1puJ+PXwP7+fHPRz06Eirsb9ugf6d8kkXav6ADhcODhFFPMIXyxkxSuMf3D6NCFA==",
			"dev": true,
			"requires": {
				"domelementtype": "^2.3.0",
				"domhandler": "^5.0.3",
				"domutils": "^3.0.1",
				"entities": "^4.4.0"
			}
		},
		"is-plain-object": {
			"version": "5.0.0",
			"resolved": "https://registry.npmjs.org/is-plain-object/-/is-plain-object-5.0.0.tgz",
			"integrity": "sha512-VRSzKkbMm5jMDoKLbltAkFQ5Qr7VDiTFGXxYFXXowVj387GeGNOCsOH6Msy00SGZ3Fp84b1Naa1psqgcCIEP5Q==",
			"dev": true
		},
		"is-stream": {
			"version": "3.0.0",
			"resolved": "https://registry.npmjs.org/is-stream/-/is-stream-3.0.0.tgz",
			"integrity": "sha512-LnQR4bZ9IADDRSkvpqMGvt/tEJWclzklNgSw48V5EAaAeDd6qGvN8ei6k5p0tvxSR171VmGyHuTiAOfxAbr8kA==",
			"dev": true
		},
		"json-schema-traverse": {
			"version": "1.0.0",
			"resolved": "https://registry.npmjs.org/json-schema-traverse/-/json-schema-traverse-1.0.0.tgz",
			"integrity": "sha512-NM8/P9n3XjXhIZn1lLhkFaACTOURQXjWhV4BA/RnOv8xvgqtqpAX9IO4mRQxSx1Rlo4tqzeqb0sOlruaOy3dug==",
			"dev": true
		},
		"json-source-map": {
			"version": "0.6.1",
			"resolved": "https://registry.npmjs.org/json-source-map/-/json-source-map-0.6.1.tgz",
			"integrity": "sha512-1QoztHPsMQqhDq0hlXY5ZqcEdUzxQEIxgFkKl4WUp2pgShObl+9ovi4kRh2TfvAfxAoHOJ9vIMEqk3k4iex7tg==",
			"dev": true
		},
		"nanoid": {
			"version": "3.3.7",
			"resolved": "https://registry.npmjs.org/nanoid/-/nanoid-3.3.7.tgz",
			"integrity": "sha512-eSRppjcPIatRIMC1U6UngP8XFcz8MQWGQdt1MTBQ7NaAmvXDfvNxbvWV3x2y6CdEUciCSsDHDQZbhYaB8QEo2g==",
			"dev": true
		},
		"number-precision": {
			"version": "1.6.0",
			"resolved": "https://registry.npmjs.org/number-precision/-/number-precision-1.6.0.tgz",
			"integrity": "sha512-05OLPgbgmnixJw+VvEh18yNPUo3iyp4BEWJcrLu4X9W05KmMifN7Mu5exYvQXqxxeNWhvIF+j3Rij+HmddM/hQ==",
			"dev": true
		},
		"parse-srcset": {
			"version": "1.0.2",
			"resolved": "https://registry.npmjs.org/parse-srcset/-/parse-srcset-1.0.2.tgz",
			"integrity": "sha512-/2qh0lav6CmI15FzA3i/2Bzk2zCgQhGMkvhOhKNcBVQ1ldgpbfiNTVslmooUmWJcADi1f1kIeynbDRVzNlfR6Q==",
			"dev": true
		},
		"picocolors": {
			"version": "1.1.1",
			"resolved": "https://registry.npmjs.org/picocolors/-/picocolors-1.1.1.tgz",
			"integrity": "sha512-xceH2snhtb5M9liqDsmEw56le376mTZkEX/jEb/RxNFyegNul7eNslCXP9FDj/Lcu0X8KEyMceP2ntpaHrDEVA==",
			"dev": true
		},
		"postcss": {
			"version": "8.4.47",
			"resolved": "https://registry.npmjs.org/postcss/-/postcss-8.4.47.tgz",
			"integrity": "sha512-56rxCq7G/XfB4EkXq9Egn5GCqugWvDFjafDOThIdMBsI15iqPqR5r15TfSr1YPYeEI19YeaXMCbY6u88Y76GLQ==",
			"dev": true,
			"requires": {
				"nanoid": "^3.3.7",
				"picocolors": "^1.1.0",
				"source-map-js": "^1.2.1"
			}
		},
		"punycode": {
			"version": "2.1.1",
			"resolved": "https://registry.npmjs.org/punycode/-/punycode-2.1.1.tgz",
			"integrity": "sha512-XRsRjdf+j5ml+y/6GKHPZbrF/8p2Yga0JPtdqTIY2Xe5ohJPD9saDJJLPvp9+NSBprVvevdXZybnj2cv8OEd0A==",
			"dev": true
		},
		"require-from-string": {
			"version": "2.0.2",
			"resolved": "https://registry.npmjs.org/require-from-string/-/require-from-string-2.0.2.tgz",
			"integrity": "sha512-Xf0nWe6RseziFMu+Ap9biiUbmplq6S9/p+7w7YXP/JBHhrUDDUhwa+vANyubuqfZWTveU//DYVGsDG7RKL/vEw==",
			"dev": true
		},
		"sanitize-html": {
			"version": "2.12.1",
			"resolved": "https://registry.npmjs.org/sanitize-html/-/sanitize-html-2.12.1.tgz",
			"integrity": "sha512-Plh+JAn0UVDpBRP/xEjsk+xDCoOvMBwQUf/K+/cBAVuTbtX8bj2VB7S1sL1dssVpykqp0/KPSesHrqXtokVBpA==",
			"dev": true,
			"requires": {
				"deepmerge": "^4.2.2",
				"escape-string-regexp": "^4.0.0",
				"htmlparser2": "^8.0.0",
				"is-plain-object": "^5.0.0",
				"parse-srcset": "^1.0.2",
				"postcss": "^8.3.11"
			}
		},
		"source-map-js": {
			"version": "1.2.1",
			"resolved": "https://registry.npmjs.org/source-map-js/-/source-map-js-1.2.1.tgz",
			"integrity": "sha512-UXWMKhLOwVKb728IUtQPXxfYU+usdybtUrK/8uGE8CQMvrhOpwvzDBwj0QhSL7MQc7vIsISBG8VQ8+IDQxpfQA==",
			"dev": true
		},
		"type-fest": {
			"version": "4.10.3",
			"resolved": "https://registry.npmjs.org/type-fest/-/type-fest-4.10.3.tgz",
			"integrity": "sha512-JLXyjizi072smKGGcZiAJDCNweT8J+AuRxmPZ1aG7TERg4ijx9REl8CNhbr36RV4qXqL1gO1FF9HL8OkVmmrsA==",
			"dev": true
		},
		"uri-js": {
			"version": "4.4.1",
			"resolved": "https://registry.npmjs.org/uri-js/-/uri-js-4.4.1.tgz",
			"integrity": "sha512-7rKUyy33Q1yc98pQ1DAmLtwX109F7TIfWlW1Ydo8Wl1ii1SeHieeh0HHfPeL2fMXK6z0s8ecKs9frCuLJvndBg==",
			"dev": true,
			"requires": {
				"punycode": "^2.1.0"
			}
		}
	}
}
