{
	"name": "homebrew",
	"version": "1.0.0",
	"lockfileVersion": 2,
	"requires": true,
	"packages": {
		"": {
			"name": "homebrew",
			"version": "1.0.0",
			"license": "MIT",
			"devDependencies": {
				"5etools-utils": "^0.1.18",
				"hasha": "^5.2.2"
			}
		},
		"node_modules/5etools-utils": {
			"version": "0.1.18",
			"resolved": "https://registry.npmjs.org/5etools-utils/-/5etools-utils-0.1.18.tgz",
			"integrity": "sha512-wWgLGQsQR6RvkYxlpsGtG1cKp1+6kLBMrnO6H79oCzB6yNLHN4PZiCGk1jZ0bdsSd9VlePXyY1zrntfNycthKA==",
			"dev": true,
			"dependencies": {
				"ajv": "^8.11.0",
				"json-source-map": "^0.6.1"
			}
		},
		"node_modules/ajv": {
			"version": "8.11.0",
			"resolved": "https://registry.npmjs.org/ajv/-/ajv-8.11.0.tgz",
			"integrity": "sha512-wGgprdCvMalC0BztXvitD2hC04YffAvtsUn93JbGXYLAtCUO4xd17mCCZQxUOItiBwZvJScWo8NIvQMQ71rdpg==",
			"dev": true,
			"dependencies": {
				"fast-deep-equal": "^3.1.1",
				"json-schema-traverse": "^1.0.0",
				"require-from-string": "^2.0.2",
				"uri-js": "^4.2.2"
			},
			"funding": {
				"type": "github",
				"url": "https://github.com/sponsors/epoberezkin"
			}
		},
		"node_modules/fast-deep-equal": {
			"version": "3.1.3",
			"resolved": "https://registry.npmjs.org/fast-deep-equal/-/fast-deep-equal-3.1.3.tgz",
			"integrity": "sha512-f3qQ9oQy9j2AhBe/H9VC91wLmKBCCU/gDOnKNAYG5hswO7BLKj09Hc5HYNz9cGI++xlpDCIgDaitVs03ATR84Q==",
			"dev": true
		},
		"node_modules/hasha": {
			"version": "5.2.2",
			"resolved": "https://registry.npmjs.org/hasha/-/hasha-5.2.2.tgz",
			"integrity": "sha512-Hrp5vIK/xr5SkeN2onO32H0MgNZ0f17HRNH39WfL0SYUNOTZ5Lz1TJ8Pajo/87dYGEFlLMm7mIc/k/s6Bvz9HQ==",
			"dev": true,
			"dependencies": {
				"is-stream": "^2.0.0",
				"type-fest": "^0.8.0"
			},
			"engines": {
				"node": ">=8"
			},
			"funding": {
				"url": "https://github.com/sponsors/sindresorhus"
			}
		},
		"node_modules/is-stream": {
			"version": "2.0.1",
			"resolved": "https://registry.npmjs.org/is-stream/-/is-stream-2.0.1.tgz",
			"integrity": "sha512-hFoiJiTl63nn+kstHGBtewWSKnQLpyb155KHheA1l39uvtO9nWIop1p3udqPcUd/xbF1VLMO4n7OI6p7RbngDg==",
			"dev": true,
			"engines": {
				"node": ">=8"
			},
			"funding": {
				"url": "https://github.com/sponsors/sindresorhus"
			}
		},
		"node_modules/json-schema-traverse": {
			"version": "1.0.0",
			"resolved": "https://registry.npmjs.org/json-schema-traverse/-/json-schema-traverse-1.0.0.tgz",
			"integrity": "sha512-NM8/P9n3XjXhIZn1lLhkFaACTOURQXjWhV4BA/RnOv8xvgqtqpAX9IO4mRQxSx1Rlo4tqzeqb0sOlruaOy3dug==",
			"dev": true
		},
		"node_modules/json-source-map": {
			"version": "0.6.1",
			"resolved": "https://registry.npmjs.org/json-source-map/-/json-source-map-0.6.1.tgz",
			"integrity": "sha512-1QoztHPsMQqhDq0hlXY5ZqcEdUzxQEIxgFkKl4WUp2pgShObl+9ovi4kRh2TfvAfxAoHOJ9vIMEqk3k4iex7tg==",
			"dev": true
		},
		"node_modules/punycode": {
			"version": "2.1.1",
			"resolved": "https://registry.npmjs.org/punycode/-/punycode-2.1.1.tgz",
			"integrity": "sha512-XRsRjdf+j5ml+y/6GKHPZbrF/8p2Yga0JPtdqTIY2Xe5ohJPD9saDJJLPvp9+NSBprVvevdXZybnj2cv8OEd0A==",
			"dev": true,
			"engines": {
				"node": ">=6"
			}
		},
		"node_modules/require-from-string": {
			"version": "2.0.2",
			"resolved": "https://registry.npmjs.org/require-from-string/-/require-from-string-2.0.2.tgz",
			"integrity": "sha512-Xf0nWe6RseziFMu+Ap9biiUbmplq6S9/p+7w7YXP/JBHhrUDDUhwa+vANyubuqfZWTveU//DYVGsDG7RKL/vEw==",
			"dev": true,
			"engines": {
				"node": ">=0.10.0"
			}
		},
		"node_modules/type-fest": {
			"version": "0.8.1",
			"resolved": "https://registry.npmjs.org/type-fest/-/type-fest-0.8.1.tgz",
			"integrity": "sha512-4dbzIzqvjtgiM5rw1k5rEHtBANKmdudhGyBEajN01fEyhaAIhsoKNy6y7+IN93IfpFtwY9iqi7kD+xwKhQsNJA==",
			"dev": true,
			"engines": {
				"node": ">=8"
			}
		},
		"node_modules/uri-js": {
			"version": "4.4.1",
			"resolved": "https://registry.npmjs.org/uri-js/-/uri-js-4.4.1.tgz",
			"integrity": "sha512-7rKUyy33Q1yc98pQ1DAmLtwX109F7TIfWlW1Ydo8Wl1ii1SeHieeh0HHfPeL2fMXK6z0s8ecKs9frCuLJvndBg==",
			"dev": true,
			"dependencies": {
				"punycode": "^2.1.0"
			}
		}
	},
	"dependencies": {
		"5etools-utils": {
			"version": "0.1.18",
			"resolved": "https://registry.npmjs.org/5etools-utils/-/5etools-utils-0.1.18.tgz",
			"integrity": "sha512-wWgLGQsQR6RvkYxlpsGtG1cKp1+6kLBMrnO6H79oCzB6yNLHN4PZiCGk1jZ0bdsSd9VlePXyY1zrntfNycthKA==",
			"dev": true,
			"requires": {
				"ajv": "^8.11.0",
				"json-source-map": "^0.6.1"
			}
		},
		"ajv": {
			"version": "8.11.0",
			"resolved": "https://registry.npmjs.org/ajv/-/ajv-8.11.0.tgz",
			"integrity": "sha512-wGgprdCvMalC0BztXvitD2hC04YffAvtsUn93JbGXYLAtCUO4xd17mCCZQxUOItiBwZvJScWo8NIvQMQ71rdpg==",
			"dev": true,
			"requires": {
				"fast-deep-equal": "^3.1.1",
				"json-schema-traverse": "^1.0.0",
				"require-from-string": "^2.0.2",
				"uri-js": "^4.2.2"
			}
		},
		"fast-deep-equal": {
			"version": "3.1.3",
			"resolved": "https://registry.npmjs.org/fast-deep-equal/-/fast-deep-equal-3.1.3.tgz",
			"integrity": "sha512-f3qQ9oQy9j2AhBe/H9VC91wLmKBCCU/gDOnKNAYG5hswO7BLKj09Hc5HYNz9cGI++xlpDCIgDaitVs03ATR84Q==",
			"dev": true
		},
		"hasha": {
			"version": "5.2.2",
			"resolved": "https://registry.npmjs.org/hasha/-/hasha-5.2.2.tgz",
			"integrity": "sha512-Hrp5vIK/xr5SkeN2onO32H0MgNZ0f17HRNH39WfL0SYUNOTZ5Lz1TJ8Pajo/87dYGEFlLMm7mIc/k/s6Bvz9HQ==",
			"dev": true,
			"requires": {
				"is-stream": "^2.0.0",
				"type-fest": "^0.8.0"
			}
		},
		"is-stream": {
			"version": "2.0.1",
			"resolved": "https://registry.npmjs.org/is-stream/-/is-stream-2.0.1.tgz",
			"integrity": "sha512-hFoiJiTl63nn+kstHGBtewWSKnQLpyb155KHheA1l39uvtO9nWIop1p3udqPcUd/xbF1VLMO4n7OI6p7RbngDg==",
			"dev": true
		},
		"json-schema-traverse": {
			"version": "1.0.0",
			"resolved": "https://registry.npmjs.org/json-schema-traverse/-/json-schema-traverse-1.0.0.tgz",
			"integrity": "sha512-NM8/P9n3XjXhIZn1lLhkFaACTOURQXjWhV4BA/RnOv8xvgqtqpAX9IO4mRQxSx1Rlo4tqzeqb0sOlruaOy3dug==",
			"dev": true
		},
		"json-source-map": {
			"version": "0.6.1",
			"resolved": "https://registry.npmjs.org/json-source-map/-/json-source-map-0.6.1.tgz",
			"integrity": "sha512-1QoztHPsMQqhDq0hlXY5ZqcEdUzxQEIxgFkKl4WUp2pgShObl+9ovi4kRh2TfvAfxAoHOJ9vIMEqk3k4iex7tg==",
			"dev": true
		},
		"punycode": {
			"version": "2.1.1",
			"resolved": "https://registry.npmjs.org/punycode/-/punycode-2.1.1.tgz",
			"integrity": "sha512-XRsRjdf+j5ml+y/6GKHPZbrF/8p2Yga0JPtdqTIY2Xe5ohJPD9saDJJLPvp9+NSBprVvevdXZybnj2cv8OEd0A==",
			"dev": true
		},
		"require-from-string": {
			"version": "2.0.2",
			"resolved": "https://registry.npmjs.org/require-from-string/-/require-from-string-2.0.2.tgz",
			"integrity": "sha512-Xf0nWe6RseziFMu+Ap9biiUbmplq6S9/p+7w7YXP/JBHhrUDDUhwa+vANyubuqfZWTveU//DYVGsDG7RKL/vEw==",
			"dev": true
		},
		"type-fest": {
			"version": "0.8.1",
			"resolved": "https://registry.npmjs.org/type-fest/-/type-fest-0.8.1.tgz",
			"integrity": "sha512-4dbzIzqvjtgiM5rw1k5rEHtBANKmdudhGyBEajN01fEyhaAIhsoKNy6y7+IN93IfpFtwY9iqi7kD+xwKhQsNJA==",
			"dev": true
		},
		"uri-js": {
			"version": "4.4.1",
			"resolved": "https://registry.npmjs.org/uri-js/-/uri-js-4.4.1.tgz",
			"integrity": "sha512-7rKUyy33Q1yc98pQ1DAmLtwX109F7TIfWlW1Ydo8Wl1ii1SeHieeh0HHfPeL2fMXK6z0s8ecKs9frCuLJvndBg==",
			"dev": true,
			"requires": {
				"punycode": "^2.1.0"
			}
		}
	}
}
